
Microsoft Visual Studio Solution File, Format Version 12.00
# Visual Studio Version 17
VisualStudioVersion = 17.3.32929.385
MinimumVisualStudioVersion = 10.0.40219.1
Project("{9A19103F-16F7-4668-BE54-9A1E7A4F7556}") = "ProjetBouteille", "ProjetBouteille\ProjetBouteille.csproj", "{05E5B517-181A-4BE2-9158-D9D41A0CDC8B}"
EndProject
Project("{9A19103F-16F7-4668-BE54-9A1E7A4F7556}") = "CL_Bouteille", "CL_Bouteille\CL_Bouteille.csproj", "{B22461FB-F1C6-4E5F-BC8B-AD0ECFD4A31D}"
EndProject
Project("{FAE04EC0-301F-11D3-BF4B-00C04F79EFBC}") = "TestProjectBouteille", "TestProjectBouteille\TestProjectBouteille.csproj", "{7215F27E-9532-4040-94A6-5B34A423888B}"
EndProject
Global
	GlobalSection(SolutionConfigurationPlatforms) = preSolution
		Debug|Any CPU = Debug|Any CPU
		Release|Any CPU = Release|Any CPU
	EndGlobalSection
	GlobalSection(ProjectConfigurationPlatforms) = postSolution
		{05E5B517-181A-4BE2-9158-D9D41A0CDC8B}.Debug|Any CPU.ActiveCfg = Debug|Any CPU
		{05E5B517-181A-4BE2-9158-D9D41A0CDC8B}.Debug|Any CPU.Build.0 = Debug|Any CPU
		{05E5B517-181A-4BE2-9158-D9D41A0CDC8B}.Release|Any CPU.ActiveCfg = Release|Any CPU
		{05E5B517-181A-4BE2-9158-D9D41A0CDC8B}.Release|Any CPU.Build.0 = Release|Any CPU
		{B22461FB-F1C6-4E5F-BC8B-AD0ECFD4A31D}.Debug|Any CPU.ActiveCfg = Debug|Any CPU
		{B22461FB-F1C6-4E5F-BC8B-AD0ECFD4A31D}.Debug|Any CPU.Build.0 = Debug|Any CPU
		{B22461FB-F1C6-4E5F-BC8B-AD0ECFD4A31D}.Release|Any CPU.ActiveCfg = Release|Any CPU
		{B22461FB-F1C6-4E5F-BC8B-AD0ECFD4A31D}.Release|Any CPU.Build.0 = Release|Any CPU
		{7215F27E-9532-4040-94A6-5B34A423888B}.Debug|Any CPU.ActiveCfg = Debug|Any CPU
		{7215F27E-9532-4040-94A6-5B34A423888B}.Debug|Any CPU.Build.0 = Debug|Any CPU
		{7215F27E-9532-4040-94A6-5B34A423888B}.Release|Any CPU.ActiveCfg = Release|Any CPU
		{7215F27E-9532-4040-94A6-5B34A423888B}.Release|Any CPU.Build.0 = Release|Any CPU
	EndGlobalSection
	GlobalSection(SolutionProperties) = preSolution
		HideSolutionNode = FALSE
	EndGlobalSection
	GlobalSection(ExtensibilityGlobals) = postSolution
		SolutionGuid = {B34683B0-7994-4C93-889E-4E2C0E2491E9}
	EndGlobalSection
EndGlobal
