
Microsoft Visual Studio Solution File, Format Version 12.00
# Visual Studio Version 17
VisualStudioVersion = 17.3.32929.385
MinimumVisualStudioVersion = 10.0.40219.1
Project("{9A19103F-16F7-4668-BE54-9A1E7A4F7556}") = "Exo_2_1_Tri_Nombres", "Exo_2_1_Tri_Nombre\Exo_2_1_Tri_Nombres.csproj", "{756CE3E6-C8C7-4483-B663-441B5DFFF5B9}"
EndProject
Project("{9A19103F-16F7-4668-BE54-9A1E7A4F7556}") = "Exo_2_2_Mineur_Majeur", "Exo_2_2_Mineur_Majeur\Exo_2_2_Mineur_Majeur.csproj", "{0657B64A-773A-4BB6-8979-8F0E968BA636}"
EndProject
Project("{9A19103F-16F7-4668-BE54-9A1E7A4F7556}") = "Exo_2_3_Ma_Retraite", "Exo_2_3_Ma_Retraite\Exo_2_3_Ma_Retraite.csproj", "{65CF58FA-1AE6-4818-A4CB-341FC7C5646A}"
EndProject
Project("{9A19103F-16F7-4668-BE54-9A1E7A4F7556}") = "Exo_2_4_Tri_Nombres_++", "Exo_2_4_Tri_Nombres_++\Exo_2_4_Tri_Nombres_++.csproj", "{D328B75B-EF8F-4080-8E47-CFE61465F8FB}"
EndProject
Project("{9A19103F-16F7-4668-BE54-9A1E7A4F7556}") = "Exo_2_5_Ma_Bicyclette", "Exo_2_5_Ma_Bicyclette\Exo_2_5_Ma_Bicyclette.csproj", "{1F341951-B77D-4080-96AA-907F577602C4}"
EndProject
Global
	GlobalSection(SolutionConfigurationPlatforms) = preSolution
		Debug|Any CPU = Debug|Any CPU
		Release|Any CPU = Release|Any CPU
	EndGlobalSection
	GlobalSection(ProjectConfigurationPlatforms) = postSolution
		{756CE3E6-C8C7-4483-B663-441B5DFFF5B9}.Debug|Any CPU.ActiveCfg = Debug|Any CPU
		{756CE3E6-C8C7-4483-B663-441B5DFFF5B9}.Debug|Any CPU.Build.0 = Debug|Any CPU
		{756CE3E6-C8C7-4483-B663-441B5DFFF5B9}.Release|Any CPU.ActiveCfg = Release|Any CPU
		{756CE3E6-C8C7-4483-B663-441B5DFFF5B9}.Release|Any CPU.Build.0 = Release|Any CPU
		{0657B64A-773A-4BB6-8979-8F0E968BA636}.Debug|Any CPU.ActiveCfg = Debug|Any CPU
		{0657B64A-773A-4BB6-8979-8F0E968BA636}.Debug|Any CPU.Build.0 = Debug|Any CPU
		{0657B64A-773A-4BB6-8979-8F0E968BA636}.Release|Any CPU.ActiveCfg = Release|Any CPU
		{0657B64A-773A-4BB6-8979-8F0E968BA636}.Release|Any CPU.Build.0 = Release|Any CPU
		{65CF58FA-1AE6-4818-A4CB-341FC7C5646A}.Debug|Any CPU.ActiveCfg = Debug|Any CPU
		{65CF58FA-1AE6-4818-A4CB-341FC7C5646A}.Debug|Any CPU.Build.0 = Debug|Any CPU
		{65CF58FA-1AE6-4818-A4CB-341FC7C5646A}.Release|Any CPU.ActiveCfg = Release|Any CPU
		{65CF58FA-1AE6-4818-A4CB-341FC7C5646A}.Release|Any CPU.Build.0 = Release|Any CPU
		{D328B75B-EF8F-4080-8E47-CFE61465F8FB}.Debug|Any CPU.ActiveCfg = Debug|Any CPU
		{D328B75B-EF8F-4080-8E47-CFE61465F8FB}.Debug|Any CPU.Build.0 = Debug|Any CPU
		{D328B75B-EF8F-4080-8E47-CFE61465F8FB}.Release|Any CPU.ActiveCfg = Release|Any CPU
		{D328B75B-EF8F-4080-8E47-CFE61465F8FB}.Release|Any CPU.Build.0 = Release|Any CPU
		{1F341951-B77D-4080-96AA-907F577602C4}.Debug|Any CPU.ActiveCfg = Debug|Any CPU
		{1F341951-B77D-4080-96AA-907F577602C4}.Debug|Any CPU.Build.0 = Debug|Any CPU
		{1F341951-B77D-4080-96AA-907F577602C4}.Release|Any CPU.ActiveCfg = Release|Any CPU
		{1F341951-B77D-4080-96AA-907F577602C4}.Release|Any CPU.Build.0 = Release|Any CPU
	EndGlobalSection
	GlobalSection(SolutionProperties) = preSolution
		HideSolutionNode = FALSE
	EndGlobalSection
	GlobalSection(ExtensibilityGlobals) = postSolution
		SolutionGuid = {24F2D1E9-2076-456C-A19C-7CBC6D28F2A7}
	EndGlobalSection
EndGlobal
