
Microsoft Visual Studio Solution File, Format Version 12.00
# Visual Studio Version 17
VisualStudioVersion = 17.3.32929.385
MinimumVisualStudioVersion = 10.0.40219.1
Project("{9A19103F-16F7-4668-BE54-9A1E7A4F7556}") = "Exo_3_1_Controler_Saisie", "Exo_3_1_Controler_Saisie\Exo_3_1_Controler_Saisie.csproj", "{EBA35DE3-C9B1-4837-B623-E549B1AA7571}"
EndProject
Project("{9A19103F-16F7-4668-BE54-9A1E7A4F7556}") = "Exo_3_2_Controler_Saisie_Avec_Limite", "Exo_3_2_Controler_Saisie_Avec_Limite\Exo_3_2_Controler_Saisie_Avec_Limite.csproj", "{7B830A87-E64F-4451-96D8-5080850E31AF}"
EndProject
Project("{9A19103F-16F7-4668-BE54-9A1E7A4F7556}") = "Exo_3_3_Intervalle_Entre_2_Nombres", "Exo_3_3_Intervalle_Entre_2_Nombres\Exo_3_3_Intervalle_Entre_2_Nombres.csproj", "{C198F5DD-FC4D-4198-85C1-149A40610531}"
EndProject
Project("{9A19103F-16F7-4668-BE54-9A1E7A4F7556}") = "Exo_3_4_Diviseurs_Nombre", "Exo_3_4_Diviseurs_Nombre\Exo_3_4_Diviseurs_Nombre.csproj", "{87A69007-C48C-4DE8-BD7A-CC017A8B0814}"
EndProject
Project("{9A19103F-16F7-4668-BE54-9A1E7A4F7556}") = "Exo_3_5_Nombre_Premier", "Exo_3_5_Nombre_Premier\Exo_3_5_Nombre_Premier.csproj", "{1D692DBE-705D-41E1-8D5E-F89B90A45A65}"
EndProject
Project("{9A19103F-16F7-4668-BE54-9A1E7A4F7556}") = "Exo_3_6_Jeu_De_La_Fourchette", "Exo_3_6_Jeu_De_La_Fourchette\Exo_3_6_Jeu_De_La_Fourchette.csproj", "{6561D030-5A4A-43D6-B5EB-6C803AA7C44B}"
EndProject
Project("{FAE04EC0-301F-11D3-BF4B-00C04F79EFBC}") = "Exo_3_7_Barnabe", "Exo_3_7_Barnabe\Exo_3_7_Barnabe.csproj", "{E7E474FF-8398-4567-98F4-7F14043A0B83}"
EndProject
Global
	GlobalSection(SolutionConfigurationPlatforms) = preSolution
		Debug|Any CPU = Debug|Any CPU
		Release|Any CPU = Release|Any CPU
	EndGlobalSection
	GlobalSection(ProjectConfigurationPlatforms) = postSolution
		{EBA35DE3-C9B1-4837-B623-E549B1AA7571}.Debug|Any CPU.ActiveCfg = Debug|Any CPU
		{EBA35DE3-C9B1-4837-B623-E549B1AA7571}.Debug|Any CPU.Build.0 = Debug|Any CPU
		{EBA35DE3-C9B1-4837-B623-E549B1AA7571}.Release|Any CPU.ActiveCfg = Release|Any CPU
		{EBA35DE3-C9B1-4837-B623-E549B1AA7571}.Release|Any CPU.Build.0 = Release|Any CPU
		{7B830A87-E64F-4451-96D8-5080850E31AF}.Debug|Any CPU.ActiveCfg = Debug|Any CPU
		{7B830A87-E64F-4451-96D8-5080850E31AF}.Debug|Any CPU.Build.0 = Debug|Any CPU
		{7B830A87-E64F-4451-96D8-5080850E31AF}.Release|Any CPU.ActiveCfg = Release|Any CPU
		{7B830A87-E64F-4451-96D8-5080850E31AF}.Release|Any CPU.Build.0 = Release|Any CPU
		{C198F5DD-FC4D-4198-85C1-149A40610531}.Debug|Any CPU.ActiveCfg = Debug|Any CPU
		{C198F5DD-FC4D-4198-85C1-149A40610531}.Debug|Any CPU.Build.0 = Debug|Any CPU
		{C198F5DD-FC4D-4198-85C1-149A40610531}.Release|Any CPU.ActiveCfg = Release|Any CPU
		{C198F5DD-FC4D-4198-85C1-149A40610531}.Release|Any CPU.Build.0 = Release|Any CPU
		{87A69007-C48C-4DE8-BD7A-CC017A8B0814}.Debug|Any CPU.ActiveCfg = Debug|Any CPU
		{87A69007-C48C-4DE8-BD7A-CC017A8B0814}.Debug|Any CPU.Build.0 = Debug|Any CPU
		{87A69007-C48C-4DE8-BD7A-CC017A8B0814}.Release|Any CPU.ActiveCfg = Release|Any CPU
		{87A69007-C48C-4DE8-BD7A-CC017A8B0814}.Release|Any CPU.Build.0 = Release|Any CPU
		{1D692DBE-705D-41E1-8D5E-F89B90A45A65}.Debug|Any CPU.ActiveCfg = Debug|Any CPU
		{1D692DBE-705D-41E1-8D5E-F89B90A45A65}.Debug|Any CPU.Build.0 = Debug|Any CPU
		{1D692DBE-705D-41E1-8D5E-F89B90A45A65}.Release|Any CPU.ActiveCfg = Release|Any CPU
		{1D692DBE-705D-41E1-8D5E-F89B90A45A65}.Release|Any CPU.Build.0 = Release|Any CPU
		{6561D030-5A4A-43D6-B5EB-6C803AA7C44B}.Debug|Any CPU.ActiveCfg = Debug|Any CPU
		{6561D030-5A4A-43D6-B5EB-6C803AA7C44B}.Debug|Any CPU.Build.0 = Debug|Any CPU
		{6561D030-5A4A-43D6-B5EB-6C803AA7C44B}.Release|Any CPU.ActiveCfg = Release|Any CPU
		{6561D030-5A4A-43D6-B5EB-6C803AA7C44B}.Release|Any CPU.Build.0 = Release|Any CPU
		{E7E474FF-8398-4567-98F4-7F14043A0B83}.Debug|Any CPU.ActiveCfg = Debug|Any CPU
		{E7E474FF-8398-4567-98F4-7F14043A0B83}.Debug|Any CPU.Build.0 = Debug|Any CPU
		{E7E474FF-8398-4567-98F4-7F14043A0B83}.Release|Any CPU.ActiveCfg = Release|Any CPU
		{E7E474FF-8398-4567-98F4-7F14043A0B83}.Release|Any CPU.Build.0 = Release|Any CPU
	EndGlobalSection
	GlobalSection(SolutionProperties) = preSolution
		HideSolutionNode = FALSE
	EndGlobalSection
	GlobalSection(ExtensibilityGlobals) = postSolution
		SolutionGuid = {3A7B70F6-AD91-4565-BF21-A773E50C5DFF}
	EndGlobalSection
EndGlobal
