
Microsoft Visual Studio Solution File, Format Version 12.00
# Visual Studio Version 17
VisualStudioVersion = 17.3.32929.385
MinimumVisualStudioVersion = 10.0.40219.1
Project("{FAE04EC0-301F-11D3-BF4B-00C04F79EFBC}") = "Exo_7_1_Jeu_Du_pendu", "Exo_7_1_Jeu_Du_pendu\Exo_7_1_Jeu_Du_pendu.csproj", "{214E870E-B3C6-41EA-863E-4307F97EA551}"
EndProject
Global
	GlobalSection(SolutionConfigurationPlatforms) = preSolution
		Debug|Any CPU = Debug|Any CPU
		Release|Any CPU = Release|Any CPU
	EndGlobalSection
	GlobalSection(ProjectConfigurationPlatforms) = postSolution
		{214E870E-B3C6-41EA-863E-4307F97EA551}.Debug|Any CPU.ActiveCfg = Debug|Any CPU
		{214E870E-B3C6-41EA-863E-4307F97EA551}.Debug|Any CPU.Build.0 = Debug|Any CPU
		{214E870E-B3C6-41EA-863E-4307F97EA551}.Release|Any CPU.ActiveCfg = Release|Any CPU
		{214E870E-B3C6-41EA-863E-4307F97EA551}.Release|Any CPU.Build.0 = Release|Any CPU
	EndGlobalSection
	GlobalSection(SolutionProperties) = preSolution
		HideSolutionNode = FALSE
	EndGlobalSection
	GlobalSection(ExtensibilityGlobals) = postSolution
		SolutionGuid = {AB0C218F-FB80-4ACE-9614-E4C9CFC8BADA}
	EndGlobalSection
EndGlobal
